
Microsoft Visual Studio Solution File, Format Version 10.00
# Visual C++ Express 2008
Project("{8BC9CEB8-8B4A-11D0-8D11-00A0C91BC942}") = "Exer4", "Exer4\Exer4.vcproj", "{182970AF-7DB1-4303-8B28-44E214D5EA22}"
EndProject
Global
	GlobalSection(SolutionConfigurationPlatforms) = preSolution
		Debug|Win32 = Debug|Win32
		Release|Win32 = Release|Win32
	EndGlobalSection
	GlobalSection(ProjectConfigurationPlatforms) = postSolution
		{182970AF-7DB1-4303-8B28-44E214D5EA22}.Debug|Win32.ActiveCfg = Debug|Win32
		{182970AF-7DB1-4303-8B28-44E214D5EA22}.Debug|Win32.Build.0 = Debug|Win32
		{182970AF-7DB1-4303-8B28-44E214D5EA22}.Release|Win32.ActiveCfg = Release|Win32
		{182970AF-7DB1-4303-8B28-44E214D5EA22}.Release|Win32.Build.0 = Release|Win32
	EndGlobalSection
	GlobalSection(SolutionProperties) = preSolution
		HideSolutionNode = FALSE
	EndGlobalSection
EndGlobal
